
Microsoft Visual Studio Solution File, Format Version 12.00
# Blend for Visual Studio Version 16
VisualStudioVersion = 16.0.29609.76
MinimumVisualStudioVersion = 10.0.40219.1
Project("{FAE04EC0-301F-11D3-BF4B-00C04F79EFBC}") = "NeumorphismUI", "NeumorphismUI\NeumorphismUI.csproj", "{F94A3742-C53A-493A-8308-3A89D8613D8B}"
EndProject
Global
	GlobalSection(SolutionConfigurationPlatforms) = preSolution
		Debug|Any CPU = Debug|Any CPU
		Release|Any CPU = Release|Any CPU
	EndGlobalSection
	GlobalSection(ProjectConfigurationPlatforms) = postSolution
		{F94A3742-C53A-493A-8308-3A89D8613D8B}.Debug|Any CPU.ActiveCfg = Debug|Any CPU
		{F94A3742-C53A-493A-8308-3A89D8613D8B}.Debug|Any CPU.Build.0 = Debug|Any CPU
		{F94A3742-C53A-493A-8308-3A89D8613D8B}.Release|Any CPU.ActiveCfg = Release|Any CPU
		{F94A3742-C53A-493A-8308-3A89D8613D8B}.Release|Any CPU.Build.0 = Release|Any CPU
	EndGlobalSection
	GlobalSection(SolutionProperties) = preSolution
		HideSolutionNode = FALSE
	EndGlobalSection
	GlobalSection(ExtensibilityGlobals) = postSolution
		SolutionGuid = {7D8E56AE-0838-43E8-83AF-4F42FFBFC286}
	EndGlobalSection
EndGlobal
